
Microsoft Visual Studio Solution File, Format Version 12.00
# Visual Studio Version 16
VisualStudioVersion = 16.0.31129.286
MinimumVisualStudioVersion = 10.0.40219.1
Project("{9A19103F-16F7-4668-BE54-9A1E7A4F7556}") = "1-exercise", "1-excercise\1-exercise.csproj", "{03BC1A4F-E82E-4365-B658-EEEDBF620390}"
EndProject
Project("{9A19103F-16F7-4668-BE54-9A1E7A4F7556}") = "2-exercise", "2-exercise\2-exercise.csproj", "{D0A905A0-9786-4078-9AC9-CB214D42B80C}"
EndProject
Project("{9A19103F-16F7-4668-BE54-9A1E7A4F7556}") = "3-excercise", "3-excercise\3-excercise.csproj", "{F2EA0AC8-D1AD-494F-84A1-AAB2CB8D3499}"
EndProject
Project("{FAE04EC0-301F-11D3-BF4B-00C04F79EFBC}") = "4-excercise", "4-excercise\4-excercise.csproj", "{DEFD2E6E-17A2-468E-9A29-B2CAD484466A}"
EndProject
Global
	GlobalSection(SolutionConfigurationPlatforms) = preSolution
		Debug|Any CPU = Debug|Any CPU
		Release|Any CPU = Release|Any CPU
	EndGlobalSection
	GlobalSection(ProjectConfigurationPlatforms) = postSolution
		{03BC1A4F-E82E-4365-B658-EEEDBF620390}.Debug|Any CPU.ActiveCfg = Debug|Any CPU
		{03BC1A4F-E82E-4365-B658-EEEDBF620390}.Debug|Any CPU.Build.0 = Debug|Any CPU
		{03BC1A4F-E82E-4365-B658-EEEDBF620390}.Release|Any CPU.ActiveCfg = Release|Any CPU
		{03BC1A4F-E82E-4365-B658-EEEDBF620390}.Release|Any CPU.Build.0 = Release|Any CPU
		{D0A905A0-9786-4078-9AC9-CB214D42B80C}.Debug|Any CPU.ActiveCfg = Debug|Any CPU
		{D0A905A0-9786-4078-9AC9-CB214D42B80C}.Debug|Any CPU.Build.0 = Debug|Any CPU
		{D0A905A0-9786-4078-9AC9-CB214D42B80C}.Release|Any CPU.ActiveCfg = Release|Any CPU
		{D0A905A0-9786-4078-9AC9-CB214D42B80C}.Release|Any CPU.Build.0 = Release|Any CPU
		{F2EA0AC8-D1AD-494F-84A1-AAB2CB8D3499}.Debug|Any CPU.ActiveCfg = Debug|Any CPU
		{F2EA0AC8-D1AD-494F-84A1-AAB2CB8D3499}.Debug|Any CPU.Build.0 = Debug|Any CPU
		{F2EA0AC8-D1AD-494F-84A1-AAB2CB8D3499}.Release|Any CPU.ActiveCfg = Release|Any CPU
		{F2EA0AC8-D1AD-494F-84A1-AAB2CB8D3499}.Release|Any CPU.Build.0 = Release|Any CPU
		{DEFD2E6E-17A2-468E-9A29-B2CAD484466A}.Debug|Any CPU.ActiveCfg = Debug|Any CPU
		{DEFD2E6E-17A2-468E-9A29-B2CAD484466A}.Debug|Any CPU.Build.0 = Debug|Any CPU
		{DEFD2E6E-17A2-468E-9A29-B2CAD484466A}.Release|Any CPU.ActiveCfg = Release|Any CPU
		{DEFD2E6E-17A2-468E-9A29-B2CAD484466A}.Release|Any CPU.Build.0 = Release|Any CPU
	EndGlobalSection
	GlobalSection(SolutionProperties) = preSolution
		HideSolutionNode = FALSE
	EndGlobalSection
	GlobalSection(ExtensibilityGlobals) = postSolution
		SolutionGuid = {AE9736BA-52D3-45CB-B8FB-F4EA7F935C2E}
	EndGlobalSection
EndGlobal
